
Microsoft Visual Studio Solution File, Format Version 12.00
# Visual Studio Version 16
VisualStudioVersion = 16.0.28803.352
MinimumVisualStudioVersion = 10.0.40219.1
Project("{FAE04EC0-301F-11D3-BF4B-00C04F79EFBC}") = "VedantaWebPortal", "VedantaWebPortal\VedantaWebPortal.csproj", "{01313F2E-E562-4894-88D5-6A2AECBC843E}"
EndProject
Global
	GlobalSection(SolutionConfigurationPlatforms) = preSolution
		Debug|Any CPU = Debug|Any CPU
		Release|Any CPU = Release|Any CPU
	EndGlobalSection
	GlobalSection(ProjectConfigurationPlatforms) = postSolution
		{01313F2E-E562-4894-88D5-6A2AECBC843E}.Debug|Any CPU.ActiveCfg = Debug|Any CPU
		{01313F2E-E562-4894-88D5-6A2AECBC843E}.Debug|Any CPU.Build.0 = Debug|Any CPU
		{01313F2E-E562-4894-88D5-6A2AECBC843E}.Release|Any CPU.ActiveCfg = Release|Any CPU
		{01313F2E-E562-4894-88D5-6A2AECBC843E}.Release|Any CPU.Build.0 = Release|Any CPU
	EndGlobalSection
	GlobalSection(SolutionProperties) = preSolution
		HideSolutionNode = FALSE
	EndGlobalSection
	GlobalSection(ExtensibilityGlobals) = postSolution
		SolutionGuid = {4BF10B9D-A660-4E7B-927D-43BE2CF07639}
	EndGlobalSection
EndGlobal
